
Microsoft Visual Studio Solution File, Format Version 12.00
# Visual Studio Version 17
VisualStudioVersion = 17.4.33403.182
MinimumVisualStudioVersion = 10.0.40219.1
Project("{FAE04EC0-301F-11D3-BF4B-00C04F79EFBC}") = "AllUp2", "AllUp2\AllUp2.csproj", "{375F5365-4B3D-4A3E-9CA6-5AE92B4B225C}"
EndProject
Global
	GlobalSection(SolutionConfigurationPlatforms) = preSolution
		Debug|Any CPU = Debug|Any CPU
		Release|Any CPU = Release|Any CPU
	EndGlobalSection
	GlobalSection(ProjectConfigurationPlatforms) = postSolution
		{375F5365-4B3D-4A3E-9CA6-5AE92B4B225C}.Debug|Any CPU.ActiveCfg = Debug|Any CPU
		{375F5365-4B3D-4A3E-9CA6-5AE92B4B225C}.Debug|Any CPU.Build.0 = Debug|Any CPU
		{375F5365-4B3D-4A3E-9CA6-5AE92B4B225C}.Release|Any CPU.ActiveCfg = Release|Any CPU
		{375F5365-4B3D-4A3E-9CA6-5AE92B4B225C}.Release|Any CPU.Build.0 = Release|Any CPU
	EndGlobalSection
	GlobalSection(SolutionProperties) = preSolution
		HideSolutionNode = FALSE
	EndGlobalSection
	GlobalSection(ExtensibilityGlobals) = postSolution
		SolutionGuid = {00B204CC-532F-47D4-999D-5782B0C0205A}
	EndGlobalSection
EndGlobal
